
Microsoft Visual Studio Solution File, Format Version 12.00
# Visual Studio Version 16
VisualStudioVersion = 16.0.31624.102
MinimumVisualStudioVersion = 10.0.40219.1
Project("{FAE04EC0-301F-11D3-BF4B-00C04F79EFBC}") = "Game shop", "Game shop\Game shop.csproj", "{5675B64E-1A35-4060-A657-BB87EA575805}"
EndProject
Global
	GlobalSection(SolutionConfigurationPlatforms) = preSolution
		Debug|Any CPU = Debug|Any CPU
		Release|Any CPU = Release|Any CPU
	EndGlobalSection
	GlobalSection(ProjectConfigurationPlatforms) = postSolution
		{5675B64E-1A35-4060-A657-BB87EA575805}.Debug|Any CPU.ActiveCfg = Debug|Any CPU
		{5675B64E-1A35-4060-A657-BB87EA575805}.Debug|Any CPU.Build.0 = Debug|Any CPU
		{5675B64E-1A35-4060-A657-BB87EA575805}.Release|Any CPU.ActiveCfg = Release|Any CPU
		{5675B64E-1A35-4060-A657-BB87EA575805}.Release|Any CPU.Build.0 = Release|Any CPU
	EndGlobalSection
	GlobalSection(SolutionProperties) = preSolution
		HideSolutionNode = FALSE
	EndGlobalSection
	GlobalSection(ExtensibilityGlobals) = postSolution
		SolutionGuid = {95C43AB4-7798-46D9-B1A9-7880DC2E03CF}
	EndGlobalSection
EndGlobal
